
Microsoft Visual Studio Solution File, Format Version 12.00
# Visual Studio Version 17
VisualStudioVersion = 17.0.32014.148
MinimumVisualStudioVersion = 10.0.40219.1
Project("{9A19103F-16F7-4668-BE54-9A1E7A4F7556}") = "webpage-element-watcher", "Watcher\webpage-element-watcher.csproj", "{2E020C9C-CE89-4408-ACEE-E0C16254080D}"
EndProject
Global
	GlobalSection(SolutionConfigurationPlatforms) = preSolution
		Debug|Any CPU = Debug|Any CPU
		Release|Any CPU = Release|Any CPU
	EndGlobalSection
	GlobalSection(ProjectConfigurationPlatforms) = postSolution
		{2E020C9C-CE89-4408-ACEE-E0C16254080D}.Debug|Any CPU.ActiveCfg = Debug|Any CPU
		{2E020C9C-CE89-4408-ACEE-E0C16254080D}.Debug|Any CPU.Build.0 = Debug|Any CPU
		{2E020C9C-CE89-4408-ACEE-E0C16254080D}.Release|Any CPU.ActiveCfg = Release|Any CPU
		{2E020C9C-CE89-4408-ACEE-E0C16254080D}.Release|Any CPU.Build.0 = Release|Any CPU
	EndGlobalSection
	GlobalSection(SolutionProperties) = preSolution
		HideSolutionNode = FALSE
	EndGlobalSection
	GlobalSection(ExtensibilityGlobals) = postSolution
		SolutionGuid = {CFA1959A-879E-4EC8-B42A-B44D6A1B0753}
	EndGlobalSection
EndGlobal
